// !$*UTF8*$!
{
	archiveVersion = 1;
	classes = {
	};
	objectVersion = 50;
	objects = {

/* Begin PBXBuildFile section */
		15114DDD2395B2F8003863FD /* FakeTripView.swift in Sources */ = {isa = PBXBuildFile; fileRef = 15114DDC2395B2F8003863FD /* FakeTripView.swift */; };
		15114DDF2395B48D003863FD /* EventCardListView.swift in Sources */ = {isa = PBXBuildFile; fileRef = 15114DDE2395B48D003863FD /* EventCardListView.swift */; };
		15114DE12395B4AC003863FD /* EventCardView.swift in Sources */ = {isa = PBXBuildFile; fileRef = 15114DE02395B4AC003863FD /* EventCardView.swift */; };
		15114DE923962794003863FD /* EventCard.swift in Sources */ = {isa = PBXBuildFile; fileRef = 15114DE623960905003863FD /* EventCard.swift */; };
		154D6F072390509700169C25 /* TripCard.swift in Sources */ = {isa = PBXBuildFile; fileRef = 154D6F062390509700169C25 /* TripCard.swift */; };
		154D6F09239066EA00169C25 /* EventInfoView.swift in Sources */ = {isa = PBXBuildFile; fileRef = 154D6F08239066EA00169C25 /* EventInfoView.swift */; };
		1552FAD6238B344300060E05 /* CardDetailView.swift in Sources */ = {isa = PBXBuildFile; fileRef = 1552FAD5238B344300060E05 /* CardDetailView.swift */; };
		1552FAE4238BA94800060E05 /* CardListView.swift in Sources */ = {isa = PBXBuildFile; fileRef = 1552FAE3238BA94800060E05 /* CardListView.swift */; };
		1571D4FC238F977D00FC33E9 /* AddTripCardView.swift in Sources */ = {isa = PBXBuildFile; fileRef = 1571D4FB238F977D00FC33E9 /* AddTripCardView.swift */; };
		1571D4FE238FA15D00FC33E9 /* AddEventView.swift in Sources */ = {isa = PBXBuildFile; fileRef = 1571D4FD238FA15D00FC33E9 /* AddEventView.swift */; };
		15EAB7A4239F3742000A4730 /* LocationAirplaneIcon.swift in Sources */ = {isa = PBXBuildFile; fileRef = 15EAB7A3239F3742000A4730 /* LocationAirplaneIcon.swift */; };
		4481FC0D23A1D4220092DD97 /* AddTripView.swift in Sources */ = {isa = PBXBuildFile; fileRef = 4481FC0C23A1D4220092DD97 /* AddTripView.swift */; };
		4481FC0F23A1D4360092DD97 /* TripCardView.swift in Sources */ = {isa = PBXBuildFile; fileRef = 4481FC0E23A1D4360092DD97 /* TripCardView.swift */; };
		4481FC1123A1D44B0092DD97 /* TripInfoView.swift in Sources */ = {isa = PBXBuildFile; fileRef = 4481FC1023A1D44B0092DD97 /* TripInfoView.swift */; };
		4481FC1323A1D45F0092DD97 /* TripListView.swift in Sources */ = {isa = PBXBuildFile; fileRef = 4481FC1223A1D45F0092DD97 /* TripListView.swift */; };
		B86E31672389EE6C00B31FE2 /* ViewExtension.swift in Sources */ = {isa = PBXBuildFile; fileRef = B86E31662389EE6C00B31FE2 /* ViewExtension.swift */; };
		B86E316B2389EFE100B31FE2 /* SearchBarView.swift in Sources */ = {isa = PBXBuildFile; fileRef = B86E316A2389EFE100B31FE2 /* SearchBarView.swift */; };
		B86E316D238A262400B31FE2 /* PlaceFinder.swift in Sources */ = {isa = PBXBuildFile; fileRef = B86E316C238A262400B31FE2 /* PlaceFinder.swift */; };
		B86E316F238B308F00B31FE2 /* SlideOverCardView.swift in Sources */ = {isa = PBXBuildFile; fileRef = B86E316E238B308F00B31FE2 /* SlideOverCardView.swift */; };
		B86E3171238B30AC00B31FE2 /* HandleView.swift in Sources */ = {isa = PBXBuildFile; fileRef = B86E3170238B30AB00B31FE2 /* HandleView.swift */; };
		B86E319C2396254D00B31FE2 /* EventCard.swift in Sources */ = {isa = PBXBuildFile; fileRef = 15114DE623960905003863FD /* EventCard.swift */; };
		B86E319E239C74F700B31FE2 /* StarRatingView.swift in Sources */ = {isa = PBXBuildFile; fileRef = B86E319D239C74F700B31FE2 /* StarRatingView.swift */; };
		B86E31A0239E051E00B31FE2 /* EventType.swift in Sources */ = {isa = PBXBuildFile; fileRef = B86E319F239E051D00B31FE2 /* EventType.swift */; };
		B86E31A223A08A6100B31FE2 /* Place.swift in Sources */ = {isa = PBXBuildFile; fileRef = B86E31A123A08A6000B31FE2 /* Place.swift */; };
		B86E31A423A2088400B31FE2 /* KeyBoardResponder.swift in Sources */ = {isa = PBXBuildFile; fileRef = B86E31A323A2088300B31FE2 /* KeyBoardResponder.swift */; };
		B8AEB69C2388F45C003E100E /* SetCurrentLocationView.swift in Sources */ = {isa = PBXBuildFile; fileRef = B8AEB69B2388F45C003E100E /* SetCurrentLocationView.swift */; };
		B8AEB6A02388FA57003E100E /* MapView.swift in Sources */ = {isa = PBXBuildFile; fileRef = B8AEB69F2388FA57003E100E /* MapView.swift */; };
		B8DA964D237FC34600BC1801 /* AppDelegate.swift in Sources */ = {isa = PBXBuildFile; fileRef = B8DA964C237FC34600BC1801 /* AppDelegate.swift */; };
		B8DA964F237FC34600BC1801 /* SceneDelegate.swift in Sources */ = {isa = PBXBuildFile; fileRef = B8DA964E237FC34600BC1801 /* SceneDelegate.swift */; };
		B8DA9654237FC34600BC1801 /* ContentView.swift in Sources */ = {isa = PBXBuildFile; fileRef = B8DA9653237FC34600BC1801 /* ContentView.swift */; };
		B8DA9656237FC34900BC1801 /* Assets.xcassets in Resources */ = {isa = PBXBuildFile; fileRef = B8DA9655237FC34900BC1801 /* Assets.xcassets */; };
		B8DA9659237FC34900BC1801 /* Preview Assets.xcassets in Resources */ = {isa = PBXBuildFile; fileRef = B8DA9658237FC34900BC1801 /* Preview Assets.xcassets */; };
		B8DA965C237FC34900BC1801 /* LaunchScreen.storyboard in Resources */ = {isa = PBXBuildFile; fileRef = B8DA965A237FC34900BC1801 /* LaunchScreen.storyboard */; };
		B8ED925A23806BDB00025623 /* tracker.xcdatamodeld in Sources */ = {isa = PBXBuildFile; fileRef = B8DA9650237FC34600BC1801 /* tracker.xcdatamodeld */; };
		B8ED926D238083C500025623 /* LocationManager.swift in Sources */ = {isa = PBXBuildFile; fileRef = B8ED926C238083C400025623 /* LocationManager.swift */; };
/* End PBXBuildFile section */

/* Begin PBXFileReference section */
		15114DDC2395B2F8003863FD /* FakeTripView.swift */ = {isa = PBXFileReference; lastKnownFileType = sourcecode.swift; path = FakeTripView.swift; sourceTree = "<group>"; };
		15114DDE2395B48D003863FD /* EventCardListView.swift */ = {isa = PBXFileReference; lastKnownFileType = sourcecode.swift; path = EventCardListView.swift; sourceTree = "<group>"; };
		15114DE02395B4AC003863FD /* EventCardView.swift */ = {isa = PBXFileReference; lastKnownFileType = sourcecode.swift; path = EventCardView.swift; sourceTree = "<group>"; };
		15114DE623960905003863FD /* EventCard.swift */ = {isa = PBXFileReference; lastKnownFileType = sourcecode.swift; path = EventCard.swift; sourceTree = "<group>"; };
		154D6F062390509700169C25 /* TripCard.swift */ = {isa = PBXFileReference; lastKnownFileType = sourcecode.swift; path = TripCard.swift; sourceTree = "<group>"; };
		154D6F08239066EA00169C25 /* EventInfoView.swift */ = {isa = PBXFileReference; lastKnownFileType = sourcecode.swift; path = EventInfoView.swift; sourceTree = "<group>"; };
		1552FAD5238B344300060E05 /* CardDetailView.swift */ = {isa = PBXFileReference; lastKnownFileType = sourcecode.swift; path = CardDetailView.swift; sourceTree = "<group>"; };
		1552FAE3238BA94800060E05 /* CardListView.swift */ = {isa = PBXFileReference; lastKnownFileType = sourcecode.swift; path = CardListView.swift; sourceTree = "<group>"; };
		1571D4FB238F977D00FC33E9 /* AddTripCardView.swift */ = {isa = PBXFileReference; lastKnownFileType = sourcecode.swift; path = AddTripCardView.swift; sourceTree = "<group>"; };
		1571D4FD238FA15D00FC33E9 /* AddEventView.swift */ = {isa = PBXFileReference; lastKnownFileType = sourcecode.swift; path = AddEventView.swift; sourceTree = "<group>"; };
		15EAB7A3239F3742000A4730 /* LocationAirplaneIcon.swift */ = {isa = PBXFileReference; lastKnownFileType = sourcecode.swift; path = LocationAirplaneIcon.swift; sourceTree = "<group>"; };
		4481FC0C23A1D4220092DD97 /* AddTripView.swift */ = {isa = PBXFileReference; lastKnownFileType = sourcecode.swift; path = AddTripView.swift; sourceTree = "<group>"; };
		4481FC0E23A1D4360092DD97 /* TripCardView.swift */ = {isa = PBXFileReference; lastKnownFileType = sourcecode.swift; path = TripCardView.swift; sourceTree = "<group>"; };
		4481FC1023A1D44B0092DD97 /* TripInfoView.swift */ = {isa = PBXFileReference; lastKnownFileType = sourcecode.swift; path = TripInfoView.swift; sourceTree = "<group>"; };
		4481FC1223A1D45F0092DD97 /* TripListView.swift */ = {isa = PBXFileReference; lastKnownFileType = sourcecode.swift; path = TripListView.swift; sourceTree = "<group>"; };
		B86E31662389EE6C00B31FE2 /* ViewExtension.swift */ = {isa = PBXFileReference; lastKnownFileType = sourcecode.swift; path = ViewExtension.swift; sourceTree = "<group>"; };
		B86E316A2389EFE100B31FE2 /* SearchBarView.swift */ = {isa = PBXFileReference; lastKnownFileType = sourcecode.swift; path = SearchBarView.swift; sourceTree = "<group>"; };
		B86E316C238A262400B31FE2 /* PlaceFinder.swift */ = {isa = PBXFileReference; lastKnownFileType = sourcecode.swift; path = PlaceFinder.swift; sourceTree = "<group>"; };
		B86E316E238B308F00B31FE2 /* SlideOverCardView.swift */ = {isa = PBXFileReference; lastKnownFileType = sourcecode.swift; path = SlideOverCardView.swift; sourceTree = "<group>"; };
		B86E3170238B30AB00B31FE2 /* HandleView.swift */ = {isa = PBXFileReference; lastKnownFileType = sourcecode.swift; path = HandleView.swift; sourceTree = "<group>"; };
		B86E319D239C74F700B31FE2 /* StarRatingView.swift */ = {isa = PBXFileReference; lastKnownFileType = sourcecode.swift; path = StarRatingView.swift; sourceTree = "<group>"; };
		B86E319F239E051D00B31FE2 /* EventType.swift */ = {isa = PBXFileReference; lastKnownFileType = sourcecode.swift; path = EventType.swift; sourceTree = "<group>"; };
		B86E31A123A08A6000B31FE2 /* Place.swift */ = {isa = PBXFileReference; lastKnownFileType = sourcecode.swift; path = Place.swift; sourceTree = "<group>"; };
		B86E31A323A2088300B31FE2 /* KeyBoardResponder.swift */ = {isa = PBXFileReference; lastKnownFileType = sourcecode.swift; path = KeyBoardResponder.swift; sourceTree = "<group>"; };
		B8AEB69B2388F45C003E100E /* SetCurrentLocationView.swift */ = {isa = PBXFileReference; lastKnownFileType = sourcecode.swift; path = SetCurrentLocationView.swift; sourceTree = "<group>"; };
		B8AEB69F2388FA57003E100E /* MapView.swift */ = {isa = PBXFileReference; lastKnownFileType = sourcecode.swift; path = MapView.swift; sourceTree = "<group>"; };
		B8DA9649237FC34600BC1801 /* tracker.app */ = {isa = PBXFileReference; explicitFileType = wrapper.application; includeInIndex = 0; path = tracker.app; sourceTree = BUILT_PRODUCTS_DIR; };
		B8DA964C237FC34600BC1801 /* AppDelegate.swift */ = {isa = PBXFileReference; lastKnownFileType = sourcecode.swift; path = AppDelegate.swift; sourceTree = "<group>"; };
		B8DA964E237FC34600BC1801 /* SceneDelegate.swift */ = {isa = PBXFileReference; lastKnownFileType = sourcecode.swift; path = SceneDelegate.swift; sourceTree = "<group>"; };
		B8DA9651237FC34600BC1801 /* tracker.xcdatamodel */ = {isa = PBXFileReference; explicitFileType = wrapper.xcdatamodel; path = tracker.xcdatamodel; sourceTree = "<group>"; };
		B8DA9653237FC34600BC1801 /* ContentView.swift */ = {isa = PBXFileReference; lastKnownFileType = sourcecode.swift; path = ContentView.swift; sourceTree = "<group>"; };
		B8DA9655237FC34900BC1801 /* Assets.xcassets */ = {isa = PBXFileReference; lastKnownFileType = folder.assetcatalog; path = Assets.xcassets; sourceTree = "<group>"; };
		B8DA9658237FC34900BC1801 /* Preview Assets.xcassets */ = {isa = PBXFileReference; lastKnownFileType = folder.assetcatalog; path = "Preview Assets.xcassets"; sourceTree = "<group>"; };
		B8DA965B237FC34900BC1801 /* Base */ = {isa = PBXFileReference; lastKnownFileType = file.storyboard; name = Base; path = Base.lproj/LaunchScreen.storyboard; sourceTree = "<group>"; };
		B8DA965D237FC34900BC1801 /* Info.plist */ = {isa = PBXFileReference; lastKnownFileType = text.plist.xml; path = Info.plist; sourceTree = "<group>"; };
		B8ED926C238083C400025623 /* LocationManager.swift */ = {isa = PBXFileReference; lastKnownFileType = sourcecode.swift; path = LocationManager.swift; sourceTree = "<group>"; };
/* End PBXFileReference section */

/* Begin PBXFrameworksBuildPhase section */
		B8DA9646237FC34600BC1801 /* Frameworks */ = {
			isa = PBXFrameworksBuildPhase;
			buildActionMask = 2147483647;
			files = (
			);
			runOnlyForDeploymentPostprocessing = 0;
		};
/* End PBXFrameworksBuildPhase section */

/* Begin PBXGroup section */
		4481FC0B23A1D4010092DD97 /* TripView */ = {
			isa = PBXGroup;
			children = (
				4481FC0C23A1D4220092DD97 /* AddTripView.swift */,
				4481FC0E23A1D4360092DD97 /* TripCardView.swift */,
				4481FC1023A1D44B0092DD97 /* TripInfoView.swift */,
				4481FC1223A1D45F0092DD97 /* TripListView.swift */,
			);
			path = TripView;
			sourceTree = "<group>";
		};
		B86E319523948A8C00B31FE2 /* UI Components */ = {
			isa = PBXGroup;
			children = (
				15EAB7A3239F3742000A4730 /* LocationAirplaneIcon.swift */,
				B86E31662389EE6C00B31FE2 /* ViewExtension.swift */,
				B86E316E238B308F00B31FE2 /* SlideOverCardView.swift */,
				B86E3170238B30AB00B31FE2 /* HandleView.swift */,
				B86E319D239C74F700B31FE2 /* StarRatingView.swift */,
			);
			path = "UI Components";
			sourceTree = "<group>";
		};
		B86E31982394D89E00B31FE2 /* Location Views */ = {
			isa = PBXGroup;
			children = (
				B8AEB69B2388F45C003E100E /* SetCurrentLocationView.swift */,
				B86E316A2389EFE100B31FE2 /* SearchBarView.swift */,
				B8AEB69F2388FA57003E100E /* MapView.swift */,
			);
			path = "Location Views";
			sourceTree = "<group>";
		};
		B86E31992394D8D600B31FE2 /* Event Views */ = {
			isa = PBXGroup;
			children = (
				15114DDC2395B2F8003863FD /* FakeTripView.swift */,
				1571D4FD238FA15D00FC33E9 /* AddEventView.swift */,
				15114DDE2395B48D003863FD /* EventCardListView.swift */,
				15114DE02395B4AC003863FD /* EventCardView.swift */,
			);
			path = "Event Views";
			sourceTree = "<group>";
		};
		B86E319A2394D8E800B31FE2 /* Legacy */ = {
			isa = PBXGroup;
			children = (
				154D6F08239066EA00169C25 /* EventInfoView.swift */,
				1552FAD5238B344300060E05 /* CardDetailView.swift */,
				1552FAE3238BA94800060E05 /* CardListView.swift */,
				1571D4FB238F977D00FC33E9 /* AddTripCardView.swift */,
			);
			path = Legacy;
			sourceTree = "<group>";
		};
		B86E319B2394D90D00B31FE2 /* Modals */ = {
			isa = PBXGroup;
			children = (
				B8ED926C238083C400025623 /* LocationManager.swift */,
				B86E316C238A262400B31FE2 /* PlaceFinder.swift */,
				B86E319F239E051D00B31FE2 /* EventType.swift */,
				B86E31A123A08A6000B31FE2 /* Place.swift */,
			);
			path = Modals;
			sourceTree = "<group>";
		};
		B8AEB6A12388FAF5003E100E /* Views */ = {
			isa = PBXGroup;
			children = (
				4481FC0B23A1D4010092DD97 /* TripView */,
				B86E31982394D89E00B31FE2 /* Location Views */,
				B86E319523948A8C00B31FE2 /* UI Components */,
				B86E319A2394D8E800B31FE2 /* Legacy */,
				B86E31992394D8D600B31FE2 /* Event Views */,
			);
			path = Views;
			sourceTree = "<group>";
		};
		B8DA9640237FC34600BC1801 = {
			isa = PBXGroup;
			children = (
				B8DA964B237FC34600BC1801 /* tracker */,
				B8DA964A237FC34600BC1801 /* Products */,
			);
			sourceTree = "<group>";
		};
		B8DA964A237FC34600BC1801 /* Products */ = {
			isa = PBXGroup;
			children = (
				B8DA9649237FC34600BC1801 /* tracker.app */,
			);
			name = Products;
			sourceTree = "<group>";
		};
		B8DA964B237FC34600BC1801 /* tracker */ = {
			isa = PBXGroup;
			children = (
				B8ED926B23807A2100025623 /* Core Data */,
				B8DA964C237FC34600BC1801 /* AppDelegate.swift */,
				B8DA964E237FC34600BC1801 /* SceneDelegate.swift */,
				B8DA9653237FC34600BC1801 /* ContentView.swift */,
				B86E31A323A2088300B31FE2 /* KeyBoardResponder.swift */,
				B86E319B2394D90D00B31FE2 /* Modals */,
				B8DA9655237FC34900BC1801 /* Assets.xcassets */,
				B8DA965A237FC34900BC1801 /* LaunchScreen.storyboard */,
				B8DA965D237FC34900BC1801 /* Info.plist */,
				B8DA9657237FC34900BC1801 /* Preview Content */,
				B8AEB6A12388FAF5003E100E /* Views */,
			);
			path = tracker;
			sourceTree = "<group>";
		};
		B8DA9657237FC34900BC1801 /* Preview Content */ = {
			isa = PBXGroup;
			children = (
				B8DA9658237FC34900BC1801 /* Preview Assets.xcassets */,
			);
			path = "Preview Content";
			sourceTree = "<group>";
		};
		B8ED926B23807A2100025623 /* Core Data */ = {
			isa = PBXGroup;
			children = (
				B8DA9650237FC34600BC1801 /* tracker.xcdatamodeld */,
				154D6F062390509700169C25 /* TripCard.swift */,
				15114DE623960905003863FD /* EventCard.swift */,
			);
			path = "Core Data";
			sourceTree = "<group>";
		};
/* End PBXGroup section */

/* Begin PBXNativeTarget section */
		B8DA9648237FC34600BC1801 /* tracker */ = {
			isa = PBXNativeTarget;
			buildConfigurationList = B8DA9660237FC34900BC1801 /* Build configuration list for PBXNativeTarget "tracker" */;
			buildPhases = (
				B8DA9645237FC34600BC1801 /* Sources */,
				B8DA9646237FC34600BC1801 /* Frameworks */,
				B8DA9647237FC34600BC1801 /* Resources */,
			);
			buildRules = (
			);
			dependencies = (
			);
			name = tracker;
			productName = tracker;
			productReference = B8DA9649237FC34600BC1801 /* tracker.app */;
			productType = "com.apple.product-type.application";
		};
/* End PBXNativeTarget section */

/* Begin PBXProject section */
		B8DA9641237FC34600BC1801 /* Project object */ = {
			isa = PBXProject;
			attributes = {
				LastSwiftUpdateCheck = 1120;
				LastUpgradeCheck = 1120;
				ORGANIZATIONNAME = TechLead;
				TargetAttributes = {
					B8DA9648237FC34600BC1801 = {
						CreatedOnToolsVersion = 11.2;
					};
				};
			};
			buildConfigurationList = B8DA9644237FC34600BC1801 /* Build configuration list for PBXProject "tracker" */;
			compatibilityVersion = "Xcode 9.3";
			developmentRegion = en;
			hasScannedForEncodings = 0;
			knownRegions = (
				en,
				Base,
			);
			mainGroup = B8DA9640237FC34600BC1801;
			productRefGroup = B8DA964A237FC34600BC1801 /* Products */;
			projectDirPath = "";
			projectRoot = "";
			targets = (
				B8DA9648237FC34600BC1801 /* tracker */,
			);
		};
/* End PBXProject section */

/* Begin PBXResourcesBuildPhase section */
		B8DA9647237FC34600BC1801 /* Resources */ = {
			isa = PBXResourcesBuildPhase;
			buildActionMask = 2147483647;
			files = (
				B8DA965C237FC34900BC1801 /* LaunchScreen.storyboard in Resources */,
				B8DA9659237FC34900BC1801 /* Preview Assets.xcassets in Resources */,
				B8DA9656237FC34900BC1801 /* Assets.xcassets in Resources */,
			);
			runOnlyForDeploymentPostprocessing = 0;
		};
/* End PBXResourcesBuildPhase section */

/* Begin PBXSourcesBuildPhase section */
		B8DA9645237FC34600BC1801 /* Sources */ = {
			isa = PBXSourcesBuildPhase;
			buildActionMask = 2147483647;
			files = (
				1552FAD6238B344300060E05 /* CardDetailView.swift in Sources */,
				B86E31A0239E051E00B31FE2 /* EventType.swift in Sources */,
				B8ED925A23806BDB00025623 /* tracker.xcdatamodeld in Sources */,
				4481FC0D23A1D4220092DD97 /* AddTripView.swift in Sources */,
				B86E316D238A262400B31FE2 /* PlaceFinder.swift in Sources */,
				B86E3171238B30AC00B31FE2 /* HandleView.swift in Sources */,
				B8DA964D237FC34600BC1801 /* AppDelegate.swift in Sources */,
				4481FC1123A1D44B0092DD97 /* TripInfoView.swift in Sources */,
				15114DDD2395B2F8003863FD /* FakeTripView.swift in Sources */,
				B8ED926D238083C500025623 /* LocationManager.swift in Sources */,
				B8AEB69C2388F45C003E100E /* SetCurrentLocationView.swift in Sources */,
				B86E31672389EE6C00B31FE2 /* ViewExtension.swift in Sources */,
				154D6F072390509700169C25 /* TripCard.swift in Sources */,
				15114DDF2395B48D003863FD /* EventCardListView.swift in Sources */,
				4481FC1323A1D45F0092DD97 /* TripListView.swift in Sources */,
				1571D4FC238F977D00FC33E9 /* AddTripCardView.swift in Sources */,
				B8DA964F237FC34600BC1801 /* SceneDelegate.swift in Sources */,
				154D6F09239066EA00169C25 /* EventInfoView.swift in Sources */,
				15EAB7A4239F3742000A4730 /* LocationAirplaneIcon.swift in Sources */,
				1552FAE4238BA94800060E05 /* CardListView.swift in Sources */,
				B86E31A423A2088400B31FE2 /* KeyBoardResponder.swift in Sources */,
				1571D4FE238FA15D00FC33E9 /* AddEventView.swift in Sources */,
				B86E316F238B308F00B31FE2 /* SlideOverCardView.swift in Sources */,
				15114DE12395B4AC003863FD /* EventCardView.swift in Sources */,
				B86E319E239C74F700B31FE2 /* StarRatingView.swift in Sources */,
				B86E316B2389EFE100B31FE2 /* SearchBarView.swift in Sources */,
				B8DA9654237FC34600BC1801 /* ContentView.swift in Sources */,
				B8AEB6A02388FA57003E100E /* MapView.swift in Sources */,
				B86E31A223A08A6100B31FE2 /* Place.swift in Sources */,
				15114DE923962794003863FD /* EventCard.swift in Sources */,
				B86E319C2396254D00B31FE2 /* EventCard.swift in Sources */,
				4481FC0F23A1D4360092DD97 /* TripCardView.swift in Sources */,
			);
			runOnlyForDeploymentPostprocessing = 0;
		};
/* End PBXSourcesBuildPhase section */

/* Begin PBXVariantGroup section */
		B8DA965A237FC34900BC1801 /* LaunchScreen.storyboard */ = {
			isa = PBXVariantGroup;
			children = (
				B8DA965B237FC34900BC1801 /* Base */,
			);
			name = LaunchScreen.storyboard;
			sourceTree = "<group>";
		};
/* End PBXVariantGroup section */

/* Begin XCBuildConfiguration section */
		B8DA965E237FC34900BC1801 /* Debug */ = {
			isa = XCBuildConfiguration;
			buildSettings = {
				ALWAYS_SEARCH_USER_PATHS = NO;
				CLANG_ANALYZER_NONNULL = YES;
				CLANG_ANALYZER_NUMBER_OBJECT_CONVERSION = YES_AGGRESSIVE;
				CLANG_CXX_LANGUAGE_STANDARD = "gnu++14";
				CLANG_CXX_LIBRARY = "libc++";
				CLANG_ENABLE_MODULES = YES;
				CLANG_ENABLE_OBJC_ARC = YES;
				CLANG_ENABLE_OBJC_WEAK = YES;
				CLANG_WARN_BLOCK_CAPTURE_AUTORELEASING = YES;
				CLANG_WARN_BOOL_CONVERSION = YES;
				CLANG_WARN_COMMA = YES;
				CLANG_WARN_CONSTANT_CONVERSION = YES;
				CLANG_WARN_DEPRECATED_OBJC_IMPLEMENTATIONS = YES;
				CLANG_WARN_DIRECT_OBJC_ISA_USAGE = YES_ERROR;
				CLANG_WARN_DOCUMENTATION_COMMENTS = YES;
				CLANG_WARN_EMPTY_BODY = YES;
				CLANG_WARN_ENUM_CONVERSION = YES;
				CLANG_WARN_INFINITE_RECURSION = YES;
				CLANG_WARN_INT_CONVERSION = YES;
				CLANG_WARN_NON_LITERAL_NULL_CONVERSION = YES;
				CLANG_WARN_OBJC_IMPLICIT_RETAIN_SELF = YES;
				CLANG_WARN_OBJC_LITERAL_CONVERSION = YES;
				CLANG_WARN_OBJC_ROOT_CLASS = YES_ERROR;
				CLANG_WARN_RANGE_LOOP_ANALYSIS = YES;
				CLANG_WARN_STRICT_PROTOTYPES = YES;
				CLANG_WARN_SUSPICIOUS_MOVE = YES;
				CLANG_WARN_UNGUARDED_AVAILABILITY = YES_AGGRESSIVE;
				CLANG_WARN_UNREACHABLE_CODE = YES;
				CLANG_WARN__DUPLICATE_METHOD_MATCH = YES;
				COPY_PHASE_STRIP = NO;
				DEBUG_INFORMATION_FORMAT = dwarf;
				ENABLE_STRICT_OBJC_MSGSEND = YES;
				ENABLE_TESTABILITY = YES;
				GCC_C_LANGUAGE_STANDARD = gnu11;
				GCC_DYNAMIC_NO_PIC = NO;
				GCC_NO_COMMON_BLOCKS = YES;
				GCC_OPTIMIZATION_LEVEL = 0;
				GCC_PREPROCESSOR_DEFINITIONS = (
					"DEBUG=1",
					"$(inherited)",
				);
				GCC_WARN_64_TO_32_BIT_CONVERSION = YES;
				GCC_WARN_ABOUT_RETURN_TYPE = YES_ERROR;
				GCC_WARN_UNDECLARED_SELECTOR = YES;
				GCC_WARN_UNINITIALIZED_AUTOS = YES_AGGRESSIVE;
				GCC_WARN_UNUSED_FUNCTION = YES;
				GCC_WARN_UNUSED_VARIABLE = YES;
				IPHONEOS_DEPLOYMENT_TARGET = 13.2;
				MTL_ENABLE_DEBUG_INFO = INCLUDE_SOURCE;
				MTL_FAST_MATH = YES;
				ONLY_ACTIVE_ARCH = YES;
				SDKROOT = iphoneos;
				SWIFT_ACTIVE_COMPILATION_CONDITIONS = DEBUG;
				SWIFT_OPTIMIZATION_LEVEL = "-Onone";
			};
			name = Debug;
		};
		B8DA965F237FC34900BC1801 /* Release */ = {
			isa = XCBuildConfiguration;
			buildSettings = {
				ALWAYS_SEARCH_USER_PATHS = NO;
				CLANG_ANALYZER_NONNULL = YES;
				CLANG_ANALYZER_NUMBER_OBJECT_CONVERSION = YES_AGGRESSIVE;
				CLANG_CXX_LANGUAGE_STANDARD = "gnu++14";
				CLANG_CXX_LIBRARY = "libc++";
				CLANG_ENABLE_MODULES = YES;
				CLANG_ENABLE_OBJC_ARC = YES;
				CLANG_ENABLE_OBJC_WEAK = YES;
				CLANG_WARN_BLOCK_CAPTURE_AUTORELEASING = YES;
				CLANG_WARN_BOOL_CONVERSION = YES;
				CLANG_WARN_COMMA = YES;
				CLANG_WARN_CONSTANT_CONVERSION = YES;
				CLANG_WARN_DEPRECATED_OBJC_IMPLEMENTATIONS = YES;
				CLANG_WARN_DIRECT_OBJC_ISA_USAGE = YES_ERROR;
				CLANG_WARN_DOCUMENTATION_COMMENTS = YES;
				CLANG_WARN_EMPTY_BODY = YES;
				CLANG_WARN_ENUM_CONVERSION = YES;
				CLANG_WARN_INFINITE_RECURSION = YES;
				CLANG_WARN_INT_CONVERSION = YES;
				CLANG_WARN_NON_LITERAL_NULL_CONVERSION = YES;
				CLANG_WARN_OBJC_IMPLICIT_RETAIN_SELF = YES;
				CLANG_WARN_OBJC_LITERAL_CONVERSION = YES;
				CLANG_WARN_OBJC_ROOT_CLASS = YES_ERROR;
				CLANG_WARN_RANGE_LOOP_ANALYSIS = YES;
				CLANG_WARN_STRICT_PROTOTYPES = YES;
				CLANG_WARN_SUSPICIOUS_MOVE = YES;
				CLANG_WARN_UNGUARDED_AVAILABILITY = YES_AGGRESSIVE;
				CLANG_WARN_UNREACHABLE_CODE = YES;
				CLANG_WARN__DUPLICATE_METHOD_MATCH = YES;
				COPY_PHASE_STRIP = NO;
				DEBUG_INFORMATION_FORMAT = "dwarf-with-dsym";
				ENABLE_NS_ASSERTIONS = NO;
				ENABLE_STRICT_OBJC_MSGSEND = YES;
				GCC_C_LANGUAGE_STANDARD = gnu11;
				GCC_NO_COMMON_BLOCKS = YES;
				GCC_WARN_64_TO_32_BIT_CONVERSION = YES;
				GCC_WARN_ABOUT_RETURN_TYPE = YES_ERROR;
				GCC_WARN_UNDECLARED_SELECTOR = YES;
				GCC_WARN_UNINITIALIZED_AUTOS = YES_AGGRESSIVE;
				GCC_WARN_UNUSED_FUNCTION = YES;
				GCC_WARN_UNUSED_VARIABLE = YES;
				IPHONEOS_DEPLOYMENT_TARGET = 13.2;
				MTL_ENABLE_DEBUG_INFO = NO;
				MTL_FAST_MATH = YES;
				SDKROOT = iphoneos;
				SWIFT_COMPILATION_MODE = wholemodule;
				SWIFT_OPTIMIZATION_LEVEL = "-O";
				VALIDATE_PRODUCT = YES;
			};
			name = Release;
		};
		B8DA9661237FC34900BC1801 /* Debug */ = {
			isa = XCBuildConfiguration;
			buildSettings = {
				ASSETCATALOG_COMPILER_APPICON_NAME = AppIcon;
				CODE_SIGN_IDENTITY = "Apple Development";
				CODE_SIGN_STYLE = Automatic;
				DEVELOPMENT_ASSET_PATHS = "\"tracker/Preview Content\"";
				DEVELOPMENT_TEAM = 9Q368PTXL6;
				ENABLE_PREVIEWS = YES;
				EXCLUDED_SOURCE_FILE_NAMES = "Views/Legacy/*";
				INFOPLIST_FILE = tracker/Info.plist;
				IPHONEOS_DEPLOYMENT_TARGET = 13.0;
				LD_RUNPATH_SEARCH_PATHS = (
					"$(inherited)",
					"@executable_path/Frameworks",
				);
				PRODUCT_BUNDLE_IDENTIFIER = junyi.tracker;
				PRODUCT_NAME = "$(TARGET_NAME)";
				PROVISIONING_PROFILE_SPECIFIER = "";
				SWIFT_VERSION = 5.0;
				TARGETED_DEVICE_FAMILY = "1,2";
			};
			name = Debug;
		};
		B8DA9662237FC34900BC1801 /* Release */ = {
			isa = XCBuildConfiguration;
			buildSettings = {
				ASSETCATALOG_COMPILER_APPICON_NAME = AppIcon;
				CODE_SIGN_IDENTITY = "Apple Development";
				CODE_SIGN_STYLE = Automatic;
				DEVELOPMENT_ASSET_PATHS = "\"tracker/Preview Content\"";
				DEVELOPMENT_TEAM = 9Q368PTXL6;
				ENABLE_PREVIEWS = YES;
				EXCLUDED_SOURCE_FILE_NAMES = "Views/Legacy/*";
				INFOPLIST_FILE = tracker/Info.plist;
				IPHONEOS_DEPLOYMENT_TARGET = 13.0;
				LD_RUNPATH_SEARCH_PATHS = (
					"$(inherited)",
					"@executable_path/Frameworks",
				);
				PRODUCT_BUNDLE_IDENTIFIER = junyi.tracker;
				PRODUCT_NAME = "$(TARGET_NAME)";
				PROVISIONING_PROFILE_SPECIFIER = "";
				SWIFT_VERSION = 5.0;
				TARGETED_DEVICE_FAMILY = "1,2";
			};
			name = Release;
		};
/* End XCBuildConfiguration section */

/* Begin XCConfigurationList section */
		B8DA9644237FC34600BC1801 /* Build configuration list for PBXProject "tracker" */ = {
			isa = XCConfigurationList;
			buildConfigurations = (
				B8DA965E237FC34900BC1801 /* Debug */,
				B8DA965F237FC34900BC1801 /* Release */,
			);
			defaultConfigurationIsVisible = 0;
			defaultConfigurationName = Release;
		};
		B8DA9660237FC34900BC1801 /* Build configuration list for PBXNativeTarget "tracker" */ = {
			isa = XCConfigurationList;
			buildConfigurations = (
				B8DA9661237FC34900BC1801 /* Debug */,
				B8DA9662237FC34900BC1801 /* Release */,
			);
			defaultConfigurationIsVisible = 0;
			defaultConfigurationName = Release;
		};
/* End XCConfigurationList section */

/* Begin XCVersionGroup section */
		B8DA9650237FC34600BC1801 /* tracker.xcdatamodeld */ = {
			isa = XCVersionGroup;
			children = (
				B8DA9651237FC34600BC1801 /* tracker.xcdatamodel */,
			);
			currentVersion = B8DA9651237FC34600BC1801 /* tracker.xcdatamodel */;
			path = tracker.xcdatamodeld;
			sourceTree = "<group>";
			versionGroupType = wrapper.xcdatamodel;
		};
/* End XCVersionGroup section */
	};
	rootObject = B8DA9641237FC34600BC1801 /* Project object */;
}
